
Microsoft Visual Studio Solution File, Format Version 12.00
# Visual Studio Version 16
VisualStudioVersion = 25.0.1704.2
MinimumVisualStudioVersion = 10.0.40219.1
Project("{FAE04EC0-301F-11D3-BF4B-00C04F79EFBC}") = "KISemana7.Android", "KISemana7\KISemana7.Android\KISemana7.Android.csproj", "{71CC9C26-7C17-4832-935D-8DD826A75DF6}"
EndProject
Project("{FAE04EC0-301F-11D3-BF4B-00C04F79EFBC}") = "KISemana7.iOS", "KISemana7\KISemana7.iOS\KISemana7.iOS.csproj", "{3EA8316D-94F2-48BD-A38F-D0C1B705929C}"
EndProject
Project("{FAE04EC0-301F-11D3-BF4B-00C04F79EFBC}") = "KISemana7", "KISemana7\KISemana7\KISemana7.csproj", "{B38C481B-E4B0-4151-961B-F15211ADC04F}"
EndProject
Global
	GlobalSection(SolutionConfigurationPlatforms) = preSolution
		Debug|Any CPU = Debug|Any CPU
		Release|Any CPU = Release|Any CPU
		Debug|iPhoneSimulator = Debug|iPhoneSimulator
		Release|iPhoneSimulator = Release|iPhoneSimulator
		Debug|iPhone = Debug|iPhone
		Release|iPhone = Release|iPhone
	EndGlobalSection
	GlobalSection(ProjectConfigurationPlatforms) = postSolution
		{71CC9C26-7C17-4832-935D-8DD826A75DF6}.Debug|Any CPU.ActiveCfg = Debug|Any CPU
		{71CC9C26-7C17-4832-935D-8DD826A75DF6}.Debug|Any CPU.Build.0 = Debug|Any CPU
		{71CC9C26-7C17-4832-935D-8DD826A75DF6}.Release|Any CPU.ActiveCfg = Release|Any CPU
		{71CC9C26-7C17-4832-935D-8DD826A75DF6}.Release|Any CPU.Build.0 = Release|Any CPU
		{71CC9C26-7C17-4832-935D-8DD826A75DF6}.Debug|iPhoneSimulator.ActiveCfg = Debug|Any CPU
		{71CC9C26-7C17-4832-935D-8DD826A75DF6}.Debug|iPhoneSimulator.Build.0 = Debug|Any CPU
		{71CC9C26-7C17-4832-935D-8DD826A75DF6}.Release|iPhoneSimulator.ActiveCfg = Release|Any CPU
		{71CC9C26-7C17-4832-935D-8DD826A75DF6}.Release|iPhoneSimulator.Build.0 = Release|Any CPU
		{71CC9C26-7C17-4832-935D-8DD826A75DF6}.Debug|iPhone.ActiveCfg = Debug|Any CPU
		{71CC9C26-7C17-4832-935D-8DD826A75DF6}.Debug|iPhone.Build.0 = Debug|Any CPU
		{71CC9C26-7C17-4832-935D-8DD826A75DF6}.Release|iPhone.ActiveCfg = Release|Any CPU
		{71CC9C26-7C17-4832-935D-8DD826A75DF6}.Release|iPhone.Build.0 = Release|Any CPU
		{3EA8316D-94F2-48BD-A38F-D0C1B705929C}.Debug|Any CPU.ActiveCfg = Debug|iPhoneSimulator
		{3EA8316D-94F2-48BD-A38F-D0C1B705929C}.Debug|Any CPU.Build.0 = Debug|iPhoneSimulator
		{3EA8316D-94F2-48BD-A38F-D0C1B705929C}.Release|Any CPU.ActiveCfg = Release|iPhoneSimulator
		{3EA8316D-94F2-48BD-A38F-D0C1B705929C}.Release|Any CPU.Build.0 = Release|iPhoneSimulator
		{3EA8316D-94F2-48BD-A38F-D0C1B705929C}.Debug|iPhoneSimulator.ActiveCfg = Debug|iPhoneSimulator
		{3EA8316D-94F2-48BD-A38F-D0C1B705929C}.Debug|iPhoneSimulator.Build.0 = Debug|iPhoneSimulator
		{3EA8316D-94F2-48BD-A38F-D0C1B705929C}.Release|iPhoneSimulator.ActiveCfg = Release|iPhoneSimulator
		{3EA8316D-94F2-48BD-A38F-D0C1B705929C}.Release|iPhoneSimulator.Build.0 = Release|iPhoneSimulator
		{3EA8316D-94F2-48BD-A38F-D0C1B705929C}.Debug|iPhone.ActiveCfg = Debug|iPhone
		{3EA8316D-94F2-48BD-A38F-D0C1B705929C}.Debug|iPhone.Build.0 = Debug|iPhone
		{3EA8316D-94F2-48BD-A38F-D0C1B705929C}.Release|iPhone.ActiveCfg = Release|iPhone
		{3EA8316D-94F2-48BD-A38F-D0C1B705929C}.Release|iPhone.Build.0 = Release|iPhone
		{B38C481B-E4B0-4151-961B-F15211ADC04F}.Debug|Any CPU.ActiveCfg = Debug|Any CPU
		{B38C481B-E4B0-4151-961B-F15211ADC04F}.Debug|Any CPU.Build.0 = Debug|Any CPU
		{B38C481B-E4B0-4151-961B-F15211ADC04F}.Release|Any CPU.ActiveCfg = Release|Any CPU
		{B38C481B-E4B0-4151-961B-F15211ADC04F}.Release|Any CPU.Build.0 = Release|Any CPU
		{B38C481B-E4B0-4151-961B-F15211ADC04F}.Debug|iPhoneSimulator.ActiveCfg = Debug|Any CPU
		{B38C481B-E4B0-4151-961B-F15211ADC04F}.Debug|iPhoneSimulator.Build.0 = Debug|Any CPU
		{B38C481B-E4B0-4151-961B-F15211ADC04F}.Release|iPhoneSimulator.ActiveCfg = Release|Any CPU
		{B38C481B-E4B0-4151-961B-F15211ADC04F}.Release|iPhoneSimulator.Build.0 = Release|Any CPU
		{B38C481B-E4B0-4151-961B-F15211ADC04F}.Debug|iPhone.ActiveCfg = Debug|Any CPU
		{B38C481B-E4B0-4151-961B-F15211ADC04F}.Debug|iPhone.Build.0 = Debug|Any CPU
		{B38C481B-E4B0-4151-961B-F15211ADC04F}.Release|iPhone.ActiveCfg = Release|Any CPU
		{B38C481B-E4B0-4151-961B-F15211ADC04F}.Release|iPhone.Build.0 = Release|Any CPU
	EndGlobalSection
	GlobalSection(SolutionProperties) = preSolution
		HideSolutionNode = FALSE
	EndGlobalSection
	GlobalSection(ExtensibilityGlobals) = postSolution
		SolutionGuid = {1BEDAA14-147B-47FC-99EA-14EDF9145A8B}
	EndGlobalSection
EndGlobal
